// !$*UTF8*$!
{
	archiveVersion = 1;
	classes = {
	};
	objectVersion = 56;
	objects = {

/* Begin PBXBuildFile section */
		0463A4722ACC153500298C20 /* Utilities.swift in Sources */ = {isa = PBXBuildFile; fileRef = 0463A4712ACC153500298C20 /* Utilities.swift */; };
		0463A4752ACC1AAC00298C20 /* SDWebImage in Frameworks */ = {isa = PBXBuildFile; productRef = 0463A4742ACC1AAC00298C20 /* SDWebImage */; };
		0463A4772ACC1C3000298C20 /* MovieTableViewCell.swift in Sources */ = {isa = PBXBuildFile; fileRef = 0463A4762ACC1C3000298C20 /* MovieTableViewCell.swift */; };
		04E720BC2AB72B090099B0E2 /* AppDelegate.swift in Sources */ = {isa = PBXBuildFile; fileRef = 04E720BB2AB72B090099B0E2 /* AppDelegate.swift */; };
		04E720C52AB72B0D0099B0E2 /* Assets.xcassets in Resources */ = {isa = PBXBuildFile; fileRef = 04E720C42AB72B0D0099B0E2 /* Assets.xcassets */; };
		04E720C82AB72B0D0099B0E2 /* LaunchScreen.storyboard in Resources */ = {isa = PBXBuildFile; fileRef = 04E720C62AB72B0D0099B0E2 /* LaunchScreen.storyboard */; };
		04E720D32AB72B0D0099B0E2 /* MVC_ArchitectureTests.swift in Sources */ = {isa = PBXBuildFile; fileRef = 04E720D22AB72B0D0099B0E2 /* MVC_ArchitectureTests.swift */; };
		04E720DD2AB72B0D0099B0E2 /* MVC_ArchitectureUITests.swift in Sources */ = {isa = PBXBuildFile; fileRef = 04E720DC2AB72B0D0099B0E2 /* MVC_ArchitectureUITests.swift */; };
		04E720DF2AB72B0D0099B0E2 /* MVC_ArchitectureUITestsLaunchTests.swift in Sources */ = {isa = PBXBuildFile; fileRef = 04E720DE2AB72B0D0099B0E2 /* MVC_ArchitectureUITestsLaunchTests.swift */; };
		04E720EF2AB72C0A0099B0E2 /* MainViewController.swift in Sources */ = {isa = PBXBuildFile; fileRef = 04E720EE2AB72C0A0099B0E2 /* MainViewController.swift */; };
		04E720F32AB72F0B0099B0E2 /* Movie.swift in Sources */ = {isa = PBXBuildFile; fileRef = 04E720F22AB72F0B0099B0E2 /* Movie.swift */; };
		04E720F82AB72FD50099B0E2 /* SnapKit in Frameworks */ = {isa = PBXBuildFile; productRef = 04E720F72AB72FD50099B0E2 /* SnapKit */; };
		04E720FB2AB733690099B0E2 /* Alamofire in Frameworks */ = {isa = PBXBuildFile; productRef = 04E720FA2AB733690099B0E2 /* Alamofire */; };
		04E721002AB734910099B0E2 /* ApiFetchHandler.swift in Sources */ = {isa = PBXBuildFile; fileRef = 04E720FF2AB734910099B0E2 /* ApiFetchHandler.swift */; };
/* End PBXBuildFile section */

/* Begin PBXContainerItemProxy section */
		04E720CF2AB72B0D0099B0E2 /* PBXContainerItemProxy */ = {
			isa = PBXContainerItemProxy;
			containerPortal = 04E720B02AB72B090099B0E2 /* Project object */;
			proxyType = 1;
			remoteGlobalIDString = 04E720B72AB72B090099B0E2;
			remoteInfo = MVC_Architecture;
		};
		04E720D92AB72B0D0099B0E2 /* PBXContainerItemProxy */ = {
			isa = PBXContainerItemProxy;
			containerPortal = 04E720B02AB72B090099B0E2 /* Project object */;
			proxyType = 1;
			remoteGlobalIDString = 04E720B72AB72B090099B0E2;
			remoteInfo = MVC_Architecture;
		};
/* End PBXContainerItemProxy section */

/* Begin PBXFileReference section */
		0463A4712ACC153500298C20 /* Utilities.swift */ = {isa = PBXFileReference; lastKnownFileType = sourcecode.swift; path = Utilities.swift; sourceTree = "<group>"; };
		0463A4762ACC1C3000298C20 /* MovieTableViewCell.swift */ = {isa = PBXFileReference; lastKnownFileType = sourcecode.swift; path = MovieTableViewCell.swift; sourceTree = "<group>"; };
		04E720B82AB72B090099B0E2 /* MVC_Architecture.app */ = {isa = PBXFileReference; explicitFileType = wrapper.application; includeInIndex = 0; path = MVC_Architecture.app; sourceTree = BUILT_PRODUCTS_DIR; };
		04E720BB2AB72B090099B0E2 /* AppDelegate.swift */ = {isa = PBXFileReference; lastKnownFileType = sourcecode.swift; path = AppDelegate.swift; sourceTree = "<group>"; };
		04E720C42AB72B0D0099B0E2 /* Assets.xcassets */ = {isa = PBXFileReference; lastKnownFileType = folder.assetcatalog; path = Assets.xcassets; sourceTree = "<group>"; };
		04E720C72AB72B0D0099B0E2 /* Base */ = {isa = PBXFileReference; lastKnownFileType = file.storyboard; name = Base; path = Base.lproj/LaunchScreen.storyboard; sourceTree = "<group>"; };
		04E720C92AB72B0D0099B0E2 /* Info.plist */ = {isa = PBXFileReference; lastKnownFileType = text.plist.xml; path = Info.plist; sourceTree = "<group>"; };
		04E720CE2AB72B0D0099B0E2 /* MVC_ArchitectureTests.xctest */ = {isa = PBXFileReference; explicitFileType = wrapper.cfbundle; includeInIndex = 0; path = MVC_ArchitectureTests.xctest; sourceTree = BUILT_PRODUCTS_DIR; };
		04E720D22AB72B0D0099B0E2 /* MVC_ArchitectureTests.swift */ = {isa = PBXFileReference; lastKnownFileType = sourcecode.swift; path = MVC_ArchitectureTests.swift; sourceTree = "<group>"; };
		04E720D82AB72B0D0099B0E2 /* MVC_ArchitectureUITests.xctest */ = {isa = PBXFileReference; explicitFileType = wrapper.cfbundle; includeInIndex = 0; path = MVC_ArchitectureUITests.xctest; sourceTree = BUILT_PRODUCTS_DIR; };
		04E720DC2AB72B0D0099B0E2 /* MVC_ArchitectureUITests.swift */ = {isa = PBXFileReference; lastKnownFileType = sourcecode.swift; path = MVC_ArchitectureUITests.swift; sourceTree = "<group>"; };
		04E720DE2AB72B0D0099B0E2 /* MVC_ArchitectureUITestsLaunchTests.swift */ = {isa = PBXFileReference; lastKnownFileType = sourcecode.swift; path = MVC_ArchitectureUITestsLaunchTests.swift; sourceTree = "<group>"; };
		04E720EE2AB72C0A0099B0E2 /* MainViewController.swift */ = {isa = PBXFileReference; lastKnownFileType = sourcecode.swift; path = MainViewController.swift; sourceTree = "<group>"; };
		04E720F22AB72F0B0099B0E2 /* Movie.swift */ = {isa = PBXFileReference; lastKnownFileType = sourcecode.swift; path = Movie.swift; sourceTree = "<group>"; };
		04E720FF2AB734910099B0E2 /* ApiFetchHandler.swift */ = {isa = PBXFileReference; lastKnownFileType = sourcecode.swift; path = ApiFetchHandler.swift; sourceTree = "<group>"; };
/* End PBXFileReference section */

/* Begin PBXFrameworksBuildPhase section */
		04E720B52AB72B090099B0E2 /* Frameworks */ = {
			isa = PBXFrameworksBuildPhase;
			buildActionMask = 2147483647;
			files = (
				0463A4752ACC1AAC00298C20 /* SDWebImage in Frameworks */,
				04E720F82AB72FD50099B0E2 /* SnapKit in Frameworks */,
				04E720FB2AB733690099B0E2 /* Alamofire in Frameworks */,
			);
			runOnlyForDeploymentPostprocessing = 0;
		};
		04E720CB2AB72B0D0099B0E2 /* Frameworks */ = {
			isa = PBXFrameworksBuildPhase;
			buildActionMask = 2147483647;
			files = (
			);
			runOnlyForDeploymentPostprocessing = 0;
		};
		04E720D52AB72B0D0099B0E2 /* Frameworks */ = {
			isa = PBXFrameworksBuildPhase;
			buildActionMask = 2147483647;
			files = (
			);
			runOnlyForDeploymentPostprocessing = 0;
		};
/* End PBXFrameworksBuildPhase section */

/* Begin PBXGroup section */
		0463A4702ACC150500298C20 /* Utilities */ = {
			isa = PBXGroup;
			children = (
				0463A4712ACC153500298C20 /* Utilities.swift */,
			);
			path = Utilities;
			sourceTree = "<group>";
		};
		04E720AF2AB72B090099B0E2 = {
			isa = PBXGroup;
			children = (
				04E720BA2AB72B090099B0E2 /* MVC_Architecture */,
				04E720D12AB72B0D0099B0E2 /* MVC_ArchitectureTests */,
				04E720DB2AB72B0D0099B0E2 /* MVC_ArchitectureUITests */,
				04E720B92AB72B090099B0E2 /* Products */,
			);
			sourceTree = "<group>";
		};
		04E720B92AB72B090099B0E2 /* Products */ = {
			isa = PBXGroup;
			children = (
				04E720B82AB72B090099B0E2 /* MVC_Architecture.app */,
				04E720CE2AB72B0D0099B0E2 /* MVC_ArchitectureTests.xctest */,
				04E720D82AB72B0D0099B0E2 /* MVC_ArchitectureUITests.xctest */,
			);
			name = Products;
			sourceTree = "<group>";
		};
		04E720BA2AB72B090099B0E2 /* MVC_Architecture */ = {
			isa = PBXGroup;
			children = (
				0463A4702ACC150500298C20 /* Utilities */,
				04E720ED2AB72BBA0099B0E2 /* ViewControllers */,
				04E720EC2AB72BB40099B0E2 /* View */,
				04E720EB2AB72BAC0099B0E2 /* Model */,
				04E720BB2AB72B090099B0E2 /* AppDelegate.swift */,
				04E720C42AB72B0D0099B0E2 /* Assets.xcassets */,
				04E720C62AB72B0D0099B0E2 /* LaunchScreen.storyboard */,
				04E720C92AB72B0D0099B0E2 /* Info.plist */,
			);
			path = MVC_Architecture;
			sourceTree = "<group>";
		};
		04E720D12AB72B0D0099B0E2 /* MVC_ArchitectureTests */ = {
			isa = PBXGroup;
			children = (
				04E720D22AB72B0D0099B0E2 /* MVC_ArchitectureTests.swift */,
			);
			path = MVC_ArchitectureTests;
			sourceTree = "<group>";
		};
		04E720DB2AB72B0D0099B0E2 /* MVC_ArchitectureUITests */ = {
			isa = PBXGroup;
			children = (
				04E720DC2AB72B0D0099B0E2 /* MVC_ArchitectureUITests.swift */,
				04E720DE2AB72B0D0099B0E2 /* MVC_ArchitectureUITestsLaunchTests.swift */,
			);
			path = MVC_ArchitectureUITests;
			sourceTree = "<group>";
		};
		04E720EB2AB72BAC0099B0E2 /* Model */ = {
			isa = PBXGroup;
			children = (
				04E720FC2AB734280099B0E2 /* NetworkManager */,
				04E720F22AB72F0B0099B0E2 /* Movie.swift */,
			);
			path = Model;
			sourceTree = "<group>";
		};
		04E720EC2AB72BB40099B0E2 /* View */ = {
			isa = PBXGroup;
			children = (
				0463A4762ACC1C3000298C20 /* MovieTableViewCell.swift */,
			);
			path = View;
			sourceTree = "<group>";
		};
		04E720ED2AB72BBA0099B0E2 /* ViewControllers */ = {
			isa = PBXGroup;
			children = (
				04E720EE2AB72C0A0099B0E2 /* MainViewController.swift */,
			);
			path = ViewControllers;
			sourceTree = "<group>";
		};
		04E720FC2AB734280099B0E2 /* NetworkManager */ = {
			isa = PBXGroup;
			children = (
				04E720FF2AB734910099B0E2 /* ApiFetchHandler.swift */,
			);
			path = NetworkManager;
			sourceTree = "<group>";
		};
/* End PBXGroup section */

/* Begin PBXNativeTarget section */
		04E720B72AB72B090099B0E2 /* MVC_Architecture */ = {
			isa = PBXNativeTarget;
			buildConfigurationList = 04E720E22AB72B0D0099B0E2 /* Build configuration list for PBXNativeTarget "MVC_Architecture" */;
			buildPhases = (
				04E720B42AB72B090099B0E2 /* Sources */,
				04E720B52AB72B090099B0E2 /* Frameworks */,
				04E720B62AB72B090099B0E2 /* Resources */,
			);
			buildRules = (
			);
			dependencies = (
			);
			name = MVC_Architecture;
			packageProductDependencies = (
				04E720F72AB72FD50099B0E2 /* SnapKit */,
				04E720FA2AB733690099B0E2 /* Alamofire */,
				0463A4742ACC1AAC00298C20 /* SDWebImage */,
			);
			productName = MVC_Architecture;
			productReference = 04E720B82AB72B090099B0E2 /* MVC_Architecture.app */;
			productType = "com.apple.product-type.application";
		};
		04E720CD2AB72B0D0099B0E2 /* MVC_ArchitectureTests */ = {
			isa = PBXNativeTarget;
			buildConfigurationList = 04E720E52AB72B0D0099B0E2 /* Build configuration list for PBXNativeTarget "MVC_ArchitectureTests" */;
			buildPhases = (
				04E720CA2AB72B0D0099B0E2 /* Sources */,
				04E720CB2AB72B0D0099B0E2 /* Frameworks */,
				04E720CC2AB72B0D0099B0E2 /* Resources */,
			);
			buildRules = (
			);
			dependencies = (
				04E720D02AB72B0D0099B0E2 /* PBXTargetDependency */,
			);
			name = MVC_ArchitectureTests;
			productName = MVC_ArchitectureTests;
			productReference = 04E720CE2AB72B0D0099B0E2 /* MVC_ArchitectureTests.xctest */;
			productType = "com.apple.product-type.bundle.unit-test";
		};
		04E720D72AB72B0D0099B0E2 /* MVC_ArchitectureUITests */ = {
			isa = PBXNativeTarget;
			buildConfigurationList = 04E720E82AB72B0D0099B0E2 /* Build configuration list for PBXNativeTarget "MVC_ArchitectureUITests" */;
			buildPhases = (
				04E720D42AB72B0D0099B0E2 /* Sources */,
				04E720D52AB72B0D0099B0E2 /* Frameworks */,
				04E720D62AB72B0D0099B0E2 /* Resources */,
			);
			buildRules = (
			);
			dependencies = (
				04E720DA2AB72B0D0099B0E2 /* PBXTargetDependency */,
			);
			name = MVC_ArchitectureUITests;
			productName = MVC_ArchitectureUITests;
			productReference = 04E720D82AB72B0D0099B0E2 /* MVC_ArchitectureUITests.xctest */;
			productType = "com.apple.product-type.bundle.ui-testing";
		};
/* End PBXNativeTarget section */

/* Begin PBXProject section */
		04E720B02AB72B090099B0E2 /* Project object */ = {
			isa = PBXProject;
			attributes = {
				BuildIndependentTargetsInParallel = 1;
				LastSwiftUpdateCheck = 1430;
				LastUpgradeCheck = 1430;
				TargetAttributes = {
					04E720B72AB72B090099B0E2 = {
						CreatedOnToolsVersion = 14.3;
					};
					04E720CD2AB72B0D0099B0E2 = {
						CreatedOnToolsVersion = 14.3;
						TestTargetID = 04E720B72AB72B090099B0E2;
					};
					04E720D72AB72B0D0099B0E2 = {
						CreatedOnToolsVersion = 14.3;
						TestTargetID = 04E720B72AB72B090099B0E2;
					};
				};
			};
			buildConfigurationList = 04E720B32AB72B090099B0E2 /* Build configuration list for PBXProject "MVC_Architecture" */;
			compatibilityVersion = "Xcode 14.0";
			developmentRegion = en;
			hasScannedForEncodings = 0;
			knownRegions = (
				en,
				Base,
			);
			mainGroup = 04E720AF2AB72B090099B0E2;
			packageReferences = (
				04E720F62AB72FD50099B0E2 /* XCRemoteSwiftPackageReference "SnapKit" */,
				04E720F92AB733690099B0E2 /* XCRemoteSwiftPackageReference "Alamofire" */,
				0463A4732ACC1AAC00298C20 /* XCRemoteSwiftPackageReference "SDWebImage" */,
			);
			productRefGroup = 04E720B92AB72B090099B0E2 /* Products */;
			projectDirPath = "";
			projectRoot = "";
			targets = (
				04E720B72AB72B090099B0E2 /* MVC_Architecture */,
				04E720CD2AB72B0D0099B0E2 /* MVC_ArchitectureTests */,
				04E720D72AB72B0D0099B0E2 /* MVC_ArchitectureUITests */,
			);
		};
/* End PBXProject section */

/* Begin PBXResourcesBuildPhase section */
		04E720B62AB72B090099B0E2 /* Resources */ = {
			isa = PBXResourcesBuildPhase;
			buildActionMask = 2147483647;
			files = (
				04E720C82AB72B0D0099B0E2 /* LaunchScreen.storyboard in Resources */,
				04E720C52AB72B0D0099B0E2 /* Assets.xcassets in Resources */,
			);
			runOnlyForDeploymentPostprocessing = 0;
		};
		04E720CC2AB72B0D0099B0E2 /* Resources */ = {
			isa = PBXResourcesBuildPhase;
			buildActionMask = 2147483647;
			files = (
			);
			runOnlyForDeploymentPostprocessing = 0;
		};
		04E720D62AB72B0D0099B0E2 /* Resources */ = {
			isa = PBXResourcesBuildPhase;
			buildActionMask = 2147483647;
			files = (
			);
			runOnlyForDeploymentPostprocessing = 0;
		};
/* End PBXResourcesBuildPhase section */

/* Begin PBXSourcesBuildPhase section */
		04E720B42AB72B090099B0E2 /* Sources */ = {
			isa = PBXSourcesBuildPhase;
			buildActionMask = 2147483647;
			files = (
				04E720BC2AB72B090099B0E2 /* AppDelegate.swift in Sources */,
				0463A4772ACC1C3000298C20 /* MovieTableViewCell.swift in Sources */,
				0463A4722ACC153500298C20 /* Utilities.swift in Sources */,
				04E720F32AB72F0B0099B0E2 /* Movie.swift in Sources */,
				04E721002AB734910099B0E2 /* ApiFetchHandler.swift in Sources */,
				04E720EF2AB72C0A0099B0E2 /* MainViewController.swift in Sources */,
			);
			runOnlyForDeploymentPostprocessing = 0;
		};
		04E720CA2AB72B0D0099B0E2 /* Sources */ = {
			isa = PBXSourcesBuildPhase;
			buildActionMask = 2147483647;
			files = (
				04E720D32AB72B0D0099B0E2 /* MVC_ArchitectureTests.swift in Sources */,
			);
			runOnlyForDeploymentPostprocessing = 0;
		};
		04E720D42AB72B0D0099B0E2 /* Sources */ = {
			isa = PBXSourcesBuildPhase;
			buildActionMask = 2147483647;
			files = (
				04E720DF2AB72B0D0099B0E2 /* MVC_ArchitectureUITestsLaunchTests.swift in Sources */,
				04E720DD2AB72B0D0099B0E2 /* MVC_ArchitectureUITests.swift in Sources */,
			);
			runOnlyForDeploymentPostprocessing = 0;
		};
/* End PBXSourcesBuildPhase section */

/* Begin PBXTargetDependency section */
		04E720D02AB72B0D0099B0E2 /* PBXTargetDependency */ = {
			isa = PBXTargetDependency;
			target = 04E720B72AB72B090099B0E2 /* MVC_Architecture */;
			targetProxy = 04E720CF2AB72B0D0099B0E2 /* PBXContainerItemProxy */;
		};
		04E720DA2AB72B0D0099B0E2 /* PBXTargetDependency */ = {
			isa = PBXTargetDependency;
			target = 04E720B72AB72B090099B0E2 /* MVC_Architecture */;
			targetProxy = 04E720D92AB72B0D0099B0E2 /* PBXContainerItemProxy */;
		};
/* End PBXTargetDependency section */

/* Begin PBXVariantGroup section */
		04E720C62AB72B0D0099B0E2 /* LaunchScreen.storyboard */ = {
			isa = PBXVariantGroup;
			children = (
				04E720C72AB72B0D0099B0E2 /* Base */,
			);
			name = LaunchScreen.storyboard;
			sourceTree = "<group>";
		};
/* End PBXVariantGroup section */

/* Begin XCBuildConfiguration section */
		04E720E02AB72B0D0099B0E2 /* Debug */ = {
			isa = XCBuildConfiguration;
			buildSettings = {
				ALWAYS_SEARCH_USER_PATHS = NO;
				CLANG_ANALYZER_NONNULL = YES;
				CLANG_ANALYZER_NUMBER_OBJECT_CONVERSION = YES_AGGRESSIVE;
				CLANG_CXX_LANGUAGE_STANDARD = "gnu++20";
				CLANG_ENABLE_MODULES = YES;
				CLANG_ENABLE_OBJC_ARC = YES;
				CLANG_ENABLE_OBJC_WEAK = YES;
				CLANG_WARN_BLOCK_CAPTURE_AUTORELEASING = YES;
				CLANG_WARN_BOOL_CONVERSION = YES;
				CLANG_WARN_COMMA = YES;
				CLANG_WARN_CONSTANT_CONVERSION = YES;
				CLANG_WARN_DEPRECATED_OBJC_IMPLEMENTATIONS = YES;
				CLANG_WARN_DIRECT_OBJC_ISA_USAGE = YES_ERROR;
				CLANG_WARN_DOCUMENTATION_COMMENTS = YES;
				CLANG_WARN_EMPTY_BODY = YES;
				CLANG_WARN_ENUM_CONVERSION = YES;
				CLANG_WARN_INFINITE_RECURSION = YES;
				CLANG_WARN_INT_CONVERSION = YES;
				CLANG_WARN_NON_LITERAL_NULL_CONVERSION = YES;
				CLANG_WARN_OBJC_IMPLICIT_RETAIN_SELF = YES;
				CLANG_WARN_OBJC_LITERAL_CONVERSION = YES;
				CLANG_WARN_OBJC_ROOT_CLASS = YES_ERROR;
				CLANG_WARN_QUOTED_INCLUDE_IN_FRAMEWORK_HEADER = YES;
				CLANG_WARN_RANGE_LOOP_ANALYSIS = YES;
				CLANG_WARN_STRICT_PROTOTYPES = YES;
				CLANG_WARN_SUSPICIOUS_MOVE = YES;
				CLANG_WARN_UNGUARDED_AVAILABILITY = YES_AGGRESSIVE;
				CLANG_WARN_UNREACHABLE_CODE = YES;
				CLANG_WARN__DUPLICATE_METHOD_MATCH = YES;
				COPY_PHASE_STRIP = NO;
				DEBUG_INFORMATION_FORMAT = dwarf;
				ENABLE_STRICT_OBJC_MSGSEND = YES;
				ENABLE_TESTABILITY = YES;
				GCC_C_LANGUAGE_STANDARD = gnu11;
				GCC_DYNAMIC_NO_PIC = NO;
				GCC_NO_COMMON_BLOCKS = YES;
				GCC_OPTIMIZATION_LEVEL = 0;
				GCC_PREPROCESSOR_DEFINITIONS = (
					"DEBUG=1",
					"$(inherited)",
				);
				GCC_WARN_64_TO_32_BIT_CONVERSION = YES;
				GCC_WARN_ABOUT_RETURN_TYPE = YES_ERROR;
				GCC_WARN_UNDECLARED_SELECTOR = YES;
				GCC_WARN_UNINITIALIZED_AUTOS = YES_AGGRESSIVE;
				GCC_WARN_UNUSED_FUNCTION = YES;
				GCC_WARN_UNUSED_VARIABLE = YES;
				IPHONEOS_DEPLOYMENT_TARGET = 16.4;
				MTL_ENABLE_DEBUG_INFO = INCLUDE_SOURCE;
				MTL_FAST_MATH = YES;
				ONLY_ACTIVE_ARCH = YES;
				SDKROOT = iphoneos;
				SWIFT_ACTIVE_COMPILATION_CONDITIONS = DEBUG;
				SWIFT_OPTIMIZATION_LEVEL = "-Onone";
			};
			name = Debug;
		};
		04E720E12AB72B0D0099B0E2 /* Release */ = {
			isa = XCBuildConfiguration;
			buildSettings = {
				ALWAYS_SEARCH_USER_PATHS = NO;
				CLANG_ANALYZER_NONNULL = YES;
				CLANG_ANALYZER_NUMBER_OBJECT_CONVERSION = YES_AGGRESSIVE;
				CLANG_CXX_LANGUAGE_STANDARD = "gnu++20";
				CLANG_ENABLE_MODULES = YES;
				CLANG_ENABLE_OBJC_ARC = YES;
				CLANG_ENABLE_OBJC_WEAK = YES;
				CLANG_WARN_BLOCK_CAPTURE_AUTORELEASING = YES;
				CLANG_WARN_BOOL_CONVERSION = YES;
				CLANG_WARN_COMMA = YES;
				CLANG_WARN_CONSTANT_CONVERSION = YES;
				CLANG_WARN_DEPRECATED_OBJC_IMPLEMENTATIONS = YES;
				CLANG_WARN_DIRECT_OBJC_ISA_USAGE = YES_ERROR;
				CLANG_WARN_DOCUMENTATION_COMMENTS = YES;
				CLANG_WARN_EMPTY_BODY = YES;
				CLANG_WARN_ENUM_CONVERSION = YES;
				CLANG_WARN_INFINITE_RECURSION = YES;
				CLANG_WARN_INT_CONVERSION = YES;
				CLANG_WARN_NON_LITERAL_NULL_CONVERSION = YES;
				CLANG_WARN_OBJC_IMPLICIT_RETAIN_SELF = YES;
				CLANG_WARN_OBJC_LITERAL_CONVERSION = YES;
				CLANG_WARN_OBJC_ROOT_CLASS = YES_ERROR;
				CLANG_WARN_QUOTED_INCLUDE_IN_FRAMEWORK_HEADER = YES;
				CLANG_WARN_RANGE_LOOP_ANALYSIS = YES;
				CLANG_WARN_STRICT_PROTOTYPES = YES;
				CLANG_WARN_SUSPICIOUS_MOVE = YES;
				CLANG_WARN_UNGUARDED_AVAILABILITY = YES_AGGRESSIVE;
				CLANG_WARN_UNREACHABLE_CODE = YES;
				CLANG_WARN__DUPLICATE_METHOD_MATCH = YES;
				COPY_PHASE_STRIP = NO;
				DEBUG_INFORMATION_FORMAT = "dwarf-with-dsym";
				ENABLE_NS_ASSERTIONS = NO;
				ENABLE_STRICT_OBJC_MSGSEND = YES;
				GCC_C_LANGUAGE_STANDARD = gnu11;
				GCC_NO_COMMON_BLOCKS = YES;
				GCC_WARN_64_TO_32_BIT_CONVERSION = YES;
				GCC_WARN_ABOUT_RETURN_TYPE = YES_ERROR;
				GCC_WARN_UNDECLARED_SELECTOR = YES;
				GCC_WARN_UNINITIALIZED_AUTOS = YES_AGGRESSIVE;
				GCC_WARN_UNUSED_FUNCTION = YES;
				GCC_WARN_UNUSED_VARIABLE = YES;
				IPHONEOS_DEPLOYMENT_TARGET = 16.4;
				MTL_ENABLE_DEBUG_INFO = NO;
				MTL_FAST_MATH = YES;
				SDKROOT = iphoneos;
				SWIFT_COMPILATION_MODE = wholemodule;
				SWIFT_OPTIMIZATION_LEVEL = "-O";
				VALIDATE_PRODUCT = YES;
			};
			name = Release;
		};
		04E720E32AB72B0D0099B0E2 /* Debug */ = {
			isa = XCBuildConfiguration;
			buildSettings = {
				ASSETCATALOG_COMPILER_APPICON_NAME = AppIcon;
				ASSETCATALOG_COMPILER_GLOBAL_ACCENT_COLOR_NAME = AccentColor;
				CODE_SIGN_STYLE = Automatic;
				CURRENT_PROJECT_VERSION = 1;
				GENERATE_INFOPLIST_FILE = YES;
				INFOPLIST_FILE = MVC_Architecture/Info.plist;
				INFOPLIST_KEY_UIApplicationSupportsIndirectInputEvents = YES;
				INFOPLIST_KEY_UILaunchStoryboardName = LaunchScreen;
				INFOPLIST_KEY_UISupportedInterfaceOrientations = UIInterfaceOrientationPortrait;
				IPHONEOS_DEPLOYMENT_TARGET = 13.0;
				LD_RUNPATH_SEARCH_PATHS = (
					"$(inherited)",
					"@executable_path/Frameworks",
				);
				MARKETING_VERSION = 1.0;
				PRODUCT_BUNDLE_IDENTIFIER = "minh.MVC-Architecture";
				PRODUCT_NAME = "$(TARGET_NAME)";
				SUPPORTED_PLATFORMS = "iphoneos iphonesimulator";
				SUPPORTS_MACCATALYST = NO;
				SUPPORTS_MAC_DESIGNED_FOR_IPHONE_IPAD = NO;
				SWIFT_EMIT_LOC_STRINGS = YES;
				SWIFT_VERSION = 5.0;
				TARGETED_DEVICE_FAMILY = "1,2";
			};
			name = Debug;
		};
		04E720E42AB72B0D0099B0E2 /* Release */ = {
			isa = XCBuildConfiguration;
			buildSettings = {
				ASSETCATALOG_COMPILER_APPICON_NAME = AppIcon;
				ASSETCATALOG_COMPILER_GLOBAL_ACCENT_COLOR_NAME = AccentColor;
				CODE_SIGN_STYLE = Automatic;
				CURRENT_PROJECT_VERSION = 1;
				GENERATE_INFOPLIST_FILE = YES;
				INFOPLIST_FILE = MVC_Architecture/Info.plist;
				INFOPLIST_KEY_UIApplicationSupportsIndirectInputEvents = YES;
				INFOPLIST_KEY_UILaunchStoryboardName = LaunchScreen;
				INFOPLIST_KEY_UISupportedInterfaceOrientations = UIInterfaceOrientationPortrait;
				IPHONEOS_DEPLOYMENT_TARGET = 13.0;
				LD_RUNPATH_SEARCH_PATHS = (
					"$(inherited)",
					"@executable_path/Frameworks",
				);
				MARKETING_VERSION = 1.0;
				PRODUCT_BUNDLE_IDENTIFIER = "minh.MVC-Architecture";
				PRODUCT_NAME = "$(TARGET_NAME)";
				SUPPORTED_PLATFORMS = "iphoneos iphonesimulator";
				SUPPORTS_MACCATALYST = NO;
				SUPPORTS_MAC_DESIGNED_FOR_IPHONE_IPAD = NO;
				SWIFT_EMIT_LOC_STRINGS = YES;
				SWIFT_VERSION = 5.0;
				TARGETED_DEVICE_FAMILY = "1,2";
			};
			name = Release;
		};
		04E720E62AB72B0D0099B0E2 /* Debug */ = {
			isa = XCBuildConfiguration;
			buildSettings = {
				ALWAYS_EMBED_SWIFT_STANDARD_LIBRARIES = YES;
				BUNDLE_LOADER = "$(TEST_HOST)";
				CODE_SIGN_STYLE = Automatic;
				CURRENT_PROJECT_VERSION = 1;
				GENERATE_INFOPLIST_FILE = YES;
				IPHONEOS_DEPLOYMENT_TARGET = 16.4;
				MARKETING_VERSION = 1.0;
				PRODUCT_BUNDLE_IDENTIFIER = "minh.MVC-ArchitectureTests";
				PRODUCT_NAME = "$(TARGET_NAME)";
				SWIFT_EMIT_LOC_STRINGS = NO;
				SWIFT_VERSION = 5.0;
				TARGETED_DEVICE_FAMILY = "1,2";
				TEST_HOST = "$(BUILT_PRODUCTS_DIR)/MVC_Architecture.app/$(BUNDLE_EXECUTABLE_FOLDER_PATH)/MVC_Architecture";
			};
			name = Debug;
		};
		04E720E72AB72B0D0099B0E2 /* Release */ = {
			isa = XCBuildConfiguration;
			buildSettings = {
				ALWAYS_EMBED_SWIFT_STANDARD_LIBRARIES = YES;
				BUNDLE_LOADER = "$(TEST_HOST)";
				CODE_SIGN_STYLE = Automatic;
				CURRENT_PROJECT_VERSION = 1;
				GENERATE_INFOPLIST_FILE = YES;
				IPHONEOS_DEPLOYMENT_TARGET = 16.4;
				MARKETING_VERSION = 1.0;
				PRODUCT_BUNDLE_IDENTIFIER = "minh.MVC-ArchitectureTests";
				PRODUCT_NAME = "$(TARGET_NAME)";
				SWIFT_EMIT_LOC_STRINGS = NO;
				SWIFT_VERSION = 5.0;
				TARGETED_DEVICE_FAMILY = "1,2";
				TEST_HOST = "$(BUILT_PRODUCTS_DIR)/MVC_Architecture.app/$(BUNDLE_EXECUTABLE_FOLDER_PATH)/MVC_Architecture";
			};
			name = Release;
		};
		04E720E92AB72B0D0099B0E2 /* Debug */ = {
			isa = XCBuildConfiguration;
			buildSettings = {
				ALWAYS_EMBED_SWIFT_STANDARD_LIBRARIES = YES;
				CODE_SIGN_STYLE = Automatic;
				CURRENT_PROJECT_VERSION = 1;
				GENERATE_INFOPLIST_FILE = YES;
				MARKETING_VERSION = 1.0;
				PRODUCT_BUNDLE_IDENTIFIER = "minh.MVC-ArchitectureUITests";
				PRODUCT_NAME = "$(TARGET_NAME)";
				SWIFT_EMIT_LOC_STRINGS = NO;
				SWIFT_VERSION = 5.0;
				TARGETED_DEVICE_FAMILY = "1,2";
				TEST_TARGET_NAME = MVC_Architecture;
			};
			name = Debug;
		};
		04E720EA2AB72B0D0099B0E2 /* Release */ = {
			isa = XCBuildConfiguration;
			buildSettings = {
				ALWAYS_EMBED_SWIFT_STANDARD_LIBRARIES = YES;
				CODE_SIGN_STYLE = Automatic;
				CURRENT_PROJECT_VERSION = 1;
				GENERATE_INFOPLIST_FILE = YES;
				MARKETING_VERSION = 1.0;
				PRODUCT_BUNDLE_IDENTIFIER = "minh.MVC-ArchitectureUITests";
				PRODUCT_NAME = "$(TARGET_NAME)";
				SWIFT_EMIT_LOC_STRINGS = NO;
				SWIFT_VERSION = 5.0;
				TARGETED_DEVICE_FAMILY = "1,2";
				TEST_TARGET_NAME = MVC_Architecture;
			};
			name = Release;
		};
/* End XCBuildConfiguration section */

/* Begin XCConfigurationList section */
		04E720B32AB72B090099B0E2 /* Build configuration list for PBXProject "MVC_Architecture" */ = {
			isa = XCConfigurationList;
			buildConfigurations = (
				04E720E02AB72B0D0099B0E2 /* Debug */,
				04E720E12AB72B0D0099B0E2 /* Release */,
			);
			defaultConfigurationIsVisible = 0;
			defaultConfigurationName = Release;
		};
		04E720E22AB72B0D0099B0E2 /* Build configuration list for PBXNativeTarget "MVC_Architecture" */ = {
			isa = XCConfigurationList;
			buildConfigurations = (
				04E720E32AB72B0D0099B0E2 /* Debug */,
				04E720E42AB72B0D0099B0E2 /* Release */,
			);
			defaultConfigurationIsVisible = 0;
			defaultConfigurationName = Release;
		};
		04E720E52AB72B0D0099B0E2 /* Build configuration list for PBXNativeTarget "MVC_ArchitectureTests" */ = {
			isa = XCConfigurationList;
			buildConfigurations = (
				04E720E62AB72B0D0099B0E2 /* Debug */,
				04E720E72AB72B0D0099B0E2 /* Release */,
			);
			defaultConfigurationIsVisible = 0;
			defaultConfigurationName = Release;
		};
		04E720E82AB72B0D0099B0E2 /* Build configuration list for PBXNativeTarget "MVC_ArchitectureUITests" */ = {
			isa = XCConfigurationList;
			buildConfigurations = (
				04E720E92AB72B0D0099B0E2 /* Debug */,
				04E720EA2AB72B0D0099B0E2 /* Release */,
			);
			defaultConfigurationIsVisible = 0;
			defaultConfigurationName = Release;
		};
/* End XCConfigurationList section */

/* Begin XCRemoteSwiftPackageReference section */
		0463A4732ACC1AAC00298C20 /* XCRemoteSwiftPackageReference "SDWebImage" */ = {
			isa = XCRemoteSwiftPackageReference;
			repositoryURL = "https://github.com/SDWebImage/SDWebImage";
			requirement = {
				kind = upToNextMajorVersion;
				minimumVersion = 5.0.0;
			};
		};
		04E720F62AB72FD50099B0E2 /* XCRemoteSwiftPackageReference "SnapKit" */ = {
			isa = XCRemoteSwiftPackageReference;
			repositoryURL = "https://github.com/SnapKit/SnapKit.git";
			requirement = {
				kind = upToNextMajorVersion;
				minimumVersion = 5.0.0;
			};
		};
		04E720F92AB733690099B0E2 /* XCRemoteSwiftPackageReference "Alamofire" */ = {
			isa = XCRemoteSwiftPackageReference;
			repositoryURL = "https://github.com/Alamofire/Alamofire.git";
			requirement = {
				kind = upToNextMajorVersion;
				minimumVersion = 5.8.0;
			};
		};
/* End XCRemoteSwiftPackageReference section */

/* Begin XCSwiftPackageProductDependency section */
		0463A4742ACC1AAC00298C20 /* SDWebImage */ = {
			isa = XCSwiftPackageProductDependency;
			package = 0463A4732ACC1AAC00298C20 /* XCRemoteSwiftPackageReference "SDWebImage" */;
			productName = SDWebImage;
		};
		04E720F72AB72FD50099B0E2 /* SnapKit */ = {
			isa = XCSwiftPackageProductDependency;
			package = 04E720F62AB72FD50099B0E2 /* XCRemoteSwiftPackageReference "SnapKit" */;
			productName = SnapKit;
		};
		04E720FA2AB733690099B0E2 /* Alamofire */ = {
			isa = XCSwiftPackageProductDependency;
			package = 04E720F92AB733690099B0E2 /* XCRemoteSwiftPackageReference "Alamofire" */;
			productName = Alamofire;
		};
/* End XCSwiftPackageProductDependency section */
	};
	rootObject = 04E720B02AB72B090099B0E2 /* Project object */;
}
